
Microsoft Visual Studio Solution File, Format Version 12.00
# Visual Studio Version 16
VisualStudioVersion = 16.0.31729.503
MinimumVisualStudioVersion = 10.0.40219.1
Project("{FAE04EC0-301F-11D3-BF4B-00C04F79EFBC}") = "AspDotNetCoreAssignment", "AspDotNetCoreAssignment.csproj", "{056CDEF4-99E4-4520-A776-AE8754BECC74}"
EndProject
Global
	GlobalSection(SolutionConfigurationPlatforms) = preSolution
		Debug|Any CPU = Debug|Any CPU
		Release|Any CPU = Release|Any CPU
	EndGlobalSection
	GlobalSection(ProjectConfigurationPlatforms) = postSolution
		{056CDEF4-99E4-4520-A776-AE8754BECC74}.Debug|Any CPU.ActiveCfg = Debug|Any CPU
		{056CDEF4-99E4-4520-A776-AE8754BECC74}.Debug|Any CPU.Build.0 = Debug|Any CPU
		{056CDEF4-99E4-4520-A776-AE8754BECC74}.Release|Any CPU.ActiveCfg = Release|Any CPU
		{056CDEF4-99E4-4520-A776-AE8754BECC74}.Release|Any CPU.Build.0 = Release|Any CPU
	EndGlobalSection
	GlobalSection(SolutionProperties) = preSolution
		HideSolutionNode = FALSE
	EndGlobalSection
	GlobalSection(ExtensibilityGlobals) = postSolution
		SolutionGuid = {94B7C7D4-87D8-4129-AD31-F6D99F3D3D90}
	EndGlobalSection
EndGlobal
